// !$*UTF8*$!
{
	archiveVersion = 1;
	classes = {
	};
	objectVersion = 77;
	objects = {

/* Begin PBXBuildFile section */
		20DFD8662EA22D89001A9223 /* Swinject in Frameworks */ = {isa = PBXBuildFile; productRef = 20DFD8652EA22D89001A9223 /* Swinject */; };
/* End PBXBuildFile section */

/* Begin PBXContainerItemProxy section */
		20DFD8092EA20ED9001A9223 /* PBXContainerItemProxy */ = {
			isa = PBXContainerItemProxy;
			containerPortal = 20DFD7F02EA20ED7001A9223 /* Project object */;
			proxyType = 1;
			remoteGlobalIDString = 20DFD7F72EA20ED7001A9223;
			remoteInfo = RickAndMortyAPI;
		};
		20DFD8132EA20ED9001A9223 /* PBXContainerItemProxy */ = {
			isa = PBXContainerItemProxy;
			containerPortal = 20DFD7F02EA20ED7001A9223 /* Project object */;
			proxyType = 1;
			remoteGlobalIDString = 20DFD7F72EA20ED7001A9223;
			remoteInfo = RickAndMortyAPI;
		};
/* End PBXContainerItemProxy section */

/* Begin PBXFileReference section */
		20DFD7F82EA20ED7001A9223 /* RickAndMortyAPI.app */ = {isa = PBXFileReference; explicitFileType = wrapper.application; includeInIndex = 0; path = RickAndMortyAPI.app; sourceTree = BUILT_PRODUCTS_DIR; };
		20DFD8082EA20ED9001A9223 /* RickAndMortyAPITests.xctest */ = {isa = PBXFileReference; explicitFileType = wrapper.cfbundle; includeInIndex = 0; path = RickAndMortyAPITests.xctest; sourceTree = BUILT_PRODUCTS_DIR; };
		20DFD8122EA20ED9001A9223 /* RickAndMortyAPIUITests.xctest */ = {isa = PBXFileReference; explicitFileType = wrapper.cfbundle; includeInIndex = 0; path = RickAndMortyAPIUITests.xctest; sourceTree = BUILT_PRODUCTS_DIR; };
/* End PBXFileReference section */

/* Begin PBXFileSystemSynchronizedBuildFileExceptionSet section */
		20DFD8722EA235C9001A9223 /* Exceptions for "RickAndMortyAPITests" folder in "RickAndMortyAPITests" target */ = {
			isa = PBXFileSystemSynchronizedBuildFileExceptionSet;
			membershipExceptions = (
				RickAndMortyAPIUITests/RickAndMortyAPIUITests.swift,
				RickAndMortyAPIUITests/RickAndMortyAPIUITestsLaunchTests.swift,
			);
			target = 20DFD8072EA20ED9001A9223 /* RickAndMortyAPITests */;
		};
		20DFD8732EA235C9001A9223 /* Exceptions for "RickAndMortyAPITests" folder in "RickAndMortyAPIUITests" target */ = {
			isa = PBXFileSystemSynchronizedBuildFileExceptionSet;
			membershipExceptions = (
				RickAndMortyAPIUITests/RickAndMortyAPIUITests.swift,
				RickAndMortyAPIUITests/RickAndMortyAPIUITestsLaunchTests.swift,
			);
			target = 20DFD8112EA20ED9001A9223 /* RickAndMortyAPIUITests */;
		};
/* End PBXFileSystemSynchronizedBuildFileExceptionSet section */

/* Begin PBXFileSystemSynchronizedRootGroup section */
		20DFD7FA2EA20ED7001A9223 /* RickAndMortyAPI */ = {
			isa = PBXFileSystemSynchronizedRootGroup;
			path = RickAndMortyAPI;
			sourceTree = "<group>";
		};
		20DFD80B2EA20ED9001A9223 /* RickAndMortyAPITests */ = {
			isa = PBXFileSystemSynchronizedRootGroup;
			exceptions = (
				20DFD8722EA235C9001A9223 /* Exceptions for "RickAndMortyAPITests" folder in "RickAndMortyAPITests" target */,
				20DFD8732EA235C9001A9223 /* Exceptions for "RickAndMortyAPITests" folder in "RickAndMortyAPIUITests" target */,
			);
			path = RickAndMortyAPITests;
			sourceTree = "<group>";
		};
/* End PBXFileSystemSynchronizedRootGroup section */

/* Begin PBXFrameworksBuildPhase section */
		20DFD7F52EA20ED7001A9223 /* Frameworks */ = {
			isa = PBXFrameworksBuildPhase;
			buildActionMask = 2147483647;
			files = (
				20DFD8662EA22D89001A9223 /* Swinject in Frameworks */,
			);
			runOnlyForDeploymentPostprocessing = 0;
		};
		20DFD8052EA20ED9001A9223 /* Frameworks */ = {
			isa = PBXFrameworksBuildPhase;
			buildActionMask = 2147483647;
			files = (
			);
			runOnlyForDeploymentPostprocessing = 0;
		};
		20DFD80F2EA20ED9001A9223 /* Frameworks */ = {
			isa = PBXFrameworksBuildPhase;
			buildActionMask = 2147483647;
			files = (
			);
			runOnlyForDeploymentPostprocessing = 0;
		};
/* End PBXFrameworksBuildPhase section */

/* Begin PBXGroup section */
		20DFD7EF2EA20ED7001A9223 = {
			isa = PBXGroup;
			children = (
				20DFD7FA2EA20ED7001A9223 /* RickAndMortyAPI */,
				20DFD80B2EA20ED9001A9223 /* RickAndMortyAPITests */,
				20DFD7F92EA20ED7001A9223 /* Products */,
			);
			sourceTree = "<group>";
		};
		20DFD7F92EA20ED7001A9223 /* Products */ = {
			isa = PBXGroup;
			children = (
				20DFD7F82EA20ED7001A9223 /* RickAndMortyAPI.app */,
				20DFD8082EA20ED9001A9223 /* RickAndMortyAPITests.xctest */,
				20DFD8122EA20ED9001A9223 /* RickAndMortyAPIUITests.xctest */,
			);
			name = Products;
			sourceTree = "<group>";
		};
/* End PBXGroup section */

/* Begin PBXNativeTarget section */
		20DFD7F72EA20ED7001A9223 /* RickAndMortyAPI */ = {
			isa = PBXNativeTarget;
			buildConfigurationList = 20DFD81C2EA20ED9001A9223 /* Build configuration list for PBXNativeTarget "RickAndMortyAPI" */;
			buildPhases = (
				20DFD7F42EA20ED7001A9223 /* Sources */,
				20DFD7F52EA20ED7001A9223 /* Frameworks */,
				20DFD7F62EA20ED7001A9223 /* Resources */,
			);
			buildRules = (
			);
			dependencies = (
			);
			fileSystemSynchronizedGroups = (
				20DFD7FA2EA20ED7001A9223 /* RickAndMortyAPI */,
			);
			name = RickAndMortyAPI;
			packageProductDependencies = (
				20DFD8652EA22D89001A9223 /* Swinject */,
			);
			productName = RickAndMortyAPI;
			productReference = 20DFD7F82EA20ED7001A9223 /* RickAndMortyAPI.app */;
			productType = "com.apple.product-type.application";
		};
		20DFD8072EA20ED9001A9223 /* RickAndMortyAPITests */ = {
			isa = PBXNativeTarget;
			buildConfigurationList = 20DFD81F2EA20ED9001A9223 /* Build configuration list for PBXNativeTarget "RickAndMortyAPITests" */;
			buildPhases = (
				20DFD8042EA20ED9001A9223 /* Sources */,
				20DFD8052EA20ED9001A9223 /* Frameworks */,
				20DFD8062EA20ED9001A9223 /* Resources */,
			);
			buildRules = (
			);
			dependencies = (
				20DFD80A2EA20ED9001A9223 /* PBXTargetDependency */,
			);
			fileSystemSynchronizedGroups = (
				20DFD80B2EA20ED9001A9223 /* RickAndMortyAPITests */,
			);
			name = RickAndMortyAPITests;
			packageProductDependencies = (
			);
			productName = RickAndMortyAPITests;
			productReference = 20DFD8082EA20ED9001A9223 /* RickAndMortyAPITests.xctest */;
			productType = "com.apple.product-type.bundle.unit-test";
		};
		20DFD8112EA20ED9001A9223 /* RickAndMortyAPIUITests */ = {
			isa = PBXNativeTarget;
			buildConfigurationList = 20DFD8222EA20ED9001A9223 /* Build configuration list for PBXNativeTarget "RickAndMortyAPIUITests" */;
			buildPhases = (
				20DFD80E2EA20ED9001A9223 /* Sources */,
				20DFD80F2EA20ED9001A9223 /* Frameworks */,
				20DFD8102EA20ED9001A9223 /* Resources */,
			);
			buildRules = (
			);
			dependencies = (
				20DFD8142EA20ED9001A9223 /* PBXTargetDependency */,
			);
			name = RickAndMortyAPIUITests;
			packageProductDependencies = (
			);
			productName = RickAndMortyAPIUITests;
			productReference = 20DFD8122EA20ED9001A9223 /* RickAndMortyAPIUITests.xctest */;
			productType = "com.apple.product-type.bundle.ui-testing";
		};
/* End PBXNativeTarget section */

/* Begin PBXProject section */
		20DFD7F02EA20ED7001A9223 /* Project object */ = {
			isa = PBXProject;
			attributes = {
				BuildIndependentTargetsInParallel = 1;
				LastSwiftUpdateCheck = 1620;
				LastUpgradeCheck = 1620;
				TargetAttributes = {
					20DFD7F72EA20ED7001A9223 = {
						CreatedOnToolsVersion = 16.2;
					};
					20DFD8072EA20ED9001A9223 = {
						CreatedOnToolsVersion = 16.2;
						TestTargetID = 20DFD7F72EA20ED7001A9223;
					};
					20DFD8112EA20ED9001A9223 = {
						CreatedOnToolsVersion = 16.2;
						TestTargetID = 20DFD7F72EA20ED7001A9223;
					};
				};
			};
			buildConfigurationList = 20DFD7F32EA20ED7001A9223 /* Build configuration list for PBXProject "RickAndMortyAPI" */;
			developmentRegion = en;
			hasScannedForEncodings = 0;
			knownRegions = (
				en,
				Base,
			);
			mainGroup = 20DFD7EF2EA20ED7001A9223;
			minimizedProjectReferenceProxies = 1;
			packageReferences = (
				20DFD8252EA2208E001A9223 /* XCRemoteSwiftPackageReference "Swinject" */,
			);
			preferredProjectObjectVersion = 77;
			productRefGroup = 20DFD7F92EA20ED7001A9223 /* Products */;
			projectDirPath = "";
			projectRoot = "";
			targets = (
				20DFD7F72EA20ED7001A9223 /* RickAndMortyAPI */,
				20DFD8072EA20ED9001A9223 /* RickAndMortyAPITests */,
				20DFD8112EA20ED9001A9223 /* RickAndMortyAPIUITests */,
			);
		};
/* End PBXProject section */

/* Begin PBXResourcesBuildPhase section */
		20DFD7F62EA20ED7001A9223 /* Resources */ = {
			isa = PBXResourcesBuildPhase;
			buildActionMask = 2147483647;
			files = (
			);
			runOnlyForDeploymentPostprocessing = 0;
		};
		20DFD8062EA20ED9001A9223 /* Resources */ = {
			isa = PBXResourcesBuildPhase;
			buildActionMask = 2147483647;
			files = (
			);
			runOnlyForDeploymentPostprocessing = 0;
		};
		20DFD8102EA20ED9001A9223 /* Resources */ = {
			isa = PBXResourcesBuildPhase;
			buildActionMask = 2147483647;
			files = (
			);
			runOnlyForDeploymentPostprocessing = 0;
		};
/* End PBXResourcesBuildPhase section */

/* Begin PBXSourcesBuildPhase section */
		20DFD7F42EA20ED7001A9223 /* Sources */ = {
			isa = PBXSourcesBuildPhase;
			buildActionMask = 2147483647;
			files = (
			);
			runOnlyForDeploymentPostprocessing = 0;
		};
		20DFD8042EA20ED9001A9223 /* Sources */ = {
			isa = PBXSourcesBuildPhase;
			buildActionMask = 2147483647;
			files = (
			);
			runOnlyForDeploymentPostprocessing = 0;
		};
		20DFD80E2EA20ED9001A9223 /* Sources */ = {
			isa = PBXSourcesBuildPhase;
			buildActionMask = 2147483647;
			files = (
			);
			runOnlyForDeploymentPostprocessing = 0;
		};
/* End PBXSourcesBuildPhase section */

/* Begin PBXTargetDependency section */
		20DFD80A2EA20ED9001A9223 /* PBXTargetDependency */ = {
			isa = PBXTargetDependency;
			target = 20DFD7F72EA20ED7001A9223 /* RickAndMortyAPI */;
			targetProxy = 20DFD8092EA20ED9001A9223 /* PBXContainerItemProxy */;
		};
		20DFD8142EA20ED9001A9223 /* PBXTargetDependency */ = {
			isa = PBXTargetDependency;
			target = 20DFD7F72EA20ED7001A9223 /* RickAndMortyAPI */;
			targetProxy = 20DFD8132EA20ED9001A9223 /* PBXContainerItemProxy */;
		};
/* End PBXTargetDependency section */

/* Begin XCBuildConfiguration section */
		20DFD81A2EA20ED9001A9223 /* Debug */ = {
			isa = XCBuildConfiguration;
			buildSettings = {
				ALWAYS_SEARCH_USER_PATHS = NO;
				ASSETCATALOG_COMPILER_GENERATE_SWIFT_ASSET_SYMBOL_EXTENSIONS = YES;
				CLANG_ANALYZER_NONNULL = YES;
				CLANG_ANALYZER_NUMBER_OBJECT_CONVERSION = YES_AGGRESSIVE;
				CLANG_CXX_LANGUAGE_STANDARD = "gnu++20";
				CLANG_ENABLE_MODULES = YES;
				CLANG_ENABLE_OBJC_ARC = YES;
				CLANG_ENABLE_OBJC_WEAK = YES;
				CLANG_WARN_BLOCK_CAPTURE_AUTORELEASING = YES;
				CLANG_WARN_BOOL_CONVERSION = YES;
				CLANG_WARN_COMMA = YES;
				CLANG_WARN_CONSTANT_CONVERSION = YES;
				CLANG_WARN_DEPRECATED_OBJC_IMPLEMENTATIONS = YES;
				CLANG_WARN_DIRECT_OBJC_ISA_USAGE = YES_ERROR;
				CLANG_WARN_DOCUMENTATION_COMMENTS = YES;
				CLANG_WARN_EMPTY_BODY = YES;
				CLANG_WARN_ENUM_CONVERSION = YES;
				CLANG_WARN_INFINITE_RECURSION = YES;
				CLANG_WARN_INT_CONVERSION = YES;
				CLANG_WARN_NON_LITERAL_NULL_CONVERSION = YES;
				CLANG_WARN_OBJC_IMPLICIT_RETAIN_SELF = YES;
				CLANG_WARN_OBJC_LITERAL_CONVERSION = YES;
				CLANG_WARN_OBJC_ROOT_CLASS = YES_ERROR;
				CLANG_WARN_QUOTED_INCLUDE_IN_FRAMEWORK_HEADER = YES;
				CLANG_WARN_RANGE_LOOP_ANALYSIS = YES;
				CLANG_WARN_STRICT_PROTOTYPES = YES;
				CLANG_WARN_SUSPICIOUS_MOVE = YES;
				CLANG_WARN_UNGUARDED_AVAILABILITY = YES_AGGRESSIVE;
				CLANG_WARN_UNREACHABLE_CODE = YES;
				CLANG_WARN__DUPLICATE_METHOD_MATCH = YES;
				COPY_PHASE_STRIP = NO;
				DEBUG_INFORMATION_FORMAT = dwarf;
				ENABLE_STRICT_OBJC_MSGSEND = YES;
				ENABLE_TESTABILITY = YES;
				ENABLE_USER_SCRIPT_SANDBOXING = YES;
				GCC_C_LANGUAGE_STANDARD = gnu17;
				GCC_DYNAMIC_NO_PIC = NO;
				GCC_NO_COMMON_BLOCKS = YES;
				GCC_OPTIMIZATION_LEVEL = 0;
				GCC_PREPROCESSOR_DEFINITIONS = (
					"DEBUG=1",
					"$(inherited)",
				);
				GCC_WARN_64_TO_32_BIT_CONVERSION = YES;
				GCC_WARN_ABOUT_RETURN_TYPE = YES_ERROR;
				GCC_WARN_UNDECLARED_SELECTOR = YES;
				GCC_WARN_UNINITIALIZED_AUTOS = YES_AGGRESSIVE;
				GCC_WARN_UNUSED_FUNCTION = YES;
				GCC_WARN_UNUSED_VARIABLE = YES;
				IPHONEOS_DEPLOYMENT_TARGET = 18.2;
				LOCALIZATION_PREFERS_STRING_CATALOGS = YES;
				MTL_ENABLE_DEBUG_INFO = INCLUDE_SOURCE;
				MTL_FAST_MATH = YES;
				ONLY_ACTIVE_ARCH = YES;
				SDKROOT = iphoneos;
				SWIFT_ACTIVE_COMPILATION_CONDITIONS = "DEBUG $(inherited)";
				SWIFT_OPTIMIZATION_LEVEL = "-Onone";
			};
			name = Debug;
		};
		20DFD81B2EA20ED9001A9223 /* Release */ = {
			isa = XCBuildConfiguration;
			buildSettings = {
				ALWAYS_SEARCH_USER_PATHS = NO;
				ASSETCATALOG_COMPILER_GENERATE_SWIFT_ASSET_SYMBOL_EXTENSIONS = YES;
				CLANG_ANALYZER_NONNULL = YES;
				CLANG_ANALYZER_NUMBER_OBJECT_CONVERSION = YES_AGGRESSIVE;
				CLANG_CXX_LANGUAGE_STANDARD = "gnu++20";
				CLANG_ENABLE_MODULES = YES;
				CLANG_ENABLE_OBJC_ARC = YES;
				CLANG_ENABLE_OBJC_WEAK = YES;
				CLANG_WARN_BLOCK_CAPTURE_AUTORELEASING = YES;
				CLANG_WARN_BOOL_CONVERSION = YES;
				CLANG_WARN_COMMA = YES;
				CLANG_WARN_CONSTANT_CONVERSION = YES;
				CLANG_WARN_DEPRECATED_OBJC_IMPLEMENTATIONS = YES;
				CLANG_WARN_DIRECT_OBJC_ISA_USAGE = YES_ERROR;
				CLANG_WARN_DOCUMENTATION_COMMENTS = YES;
				CLANG_WARN_EMPTY_BODY = YES;
				CLANG_WARN_ENUM_CONVERSION = YES;
				CLANG_WARN_INFINITE_RECURSION = YES;
				CLANG_WARN_INT_CONVERSION = YES;
				CLANG_WARN_NON_LITERAL_NULL_CONVERSION = YES;
				CLANG_WARN_OBJC_IMPLICIT_RETAIN_SELF = YES;
				CLANG_WARN_OBJC_LITERAL_CONVERSION = YES;
				CLANG_WARN_OBJC_ROOT_CLASS = YES_ERROR;
				CLANG_WARN_QUOTED_INCLUDE_IN_FRAMEWORK_HEADER = YES;
				CLANG_WARN_RANGE_LOOP_ANALYSIS = YES;
				CLANG_WARN_STRICT_PROTOTYPES = YES;
				CLANG_WARN_SUSPICIOUS_MOVE = YES;
				CLANG_WARN_UNGUARDED_AVAILABILITY = YES_AGGRESSIVE;
				CLANG_WARN_UNREACHABLE_CODE = YES;
				CLANG_WARN__DUPLICATE_METHOD_MATCH = YES;
				COPY_PHASE_STRIP = NO;
				DEBUG_INFORMATION_FORMAT = "dwarf-with-dsym";
				ENABLE_NS_ASSERTIONS = NO;
				ENABLE_STRICT_OBJC_MSGSEND = YES;
				ENABLE_USER_SCRIPT_SANDBOXING = YES;
				GCC_C_LANGUAGE_STANDARD = gnu17;
				GCC_NO_COMMON_BLOCKS = YES;
				GCC_WARN_64_TO_32_BIT_CONVERSION = YES;
				GCC_WARN_ABOUT_RETURN_TYPE = YES_ERROR;
				GCC_WARN_UNDECLARED_SELECTOR = YES;
				GCC_WARN_UNINITIALIZED_AUTOS = YES_AGGRESSIVE;
				GCC_WARN_UNUSED_FUNCTION = YES;
				GCC_WARN_UNUSED_VARIABLE = YES;
				IPHONEOS_DEPLOYMENT_TARGET = 18.2;
				LOCALIZATION_PREFERS_STRING_CATALOGS = YES;
				MTL_ENABLE_DEBUG_INFO = NO;
				MTL_FAST_MATH = YES;
				SDKROOT = iphoneos;
				SWIFT_COMPILATION_MODE = wholemodule;
				VALIDATE_PRODUCT = YES;
			};
			name = Release;
		};
		20DFD81D2EA20ED9001A9223 /* Debug */ = {
			isa = XCBuildConfiguration;
			buildSettings = {
				ASSETCATALOG_COMPILER_APPICON_NAME = AppIcon;
				ASSETCATALOG_COMPILER_GLOBAL_ACCENT_COLOR_NAME = AccentColor;
				CODE_SIGN_STYLE = Automatic;
				CURRENT_PROJECT_VERSION = 1;
				DEVELOPMENT_ASSET_PATHS = "\"RickAndMortyAPI/Preview Content\"";
				DEVELOPMENT_TEAM = ASBK59574H;
				ENABLE_PREVIEWS = YES;
				GENERATE_INFOPLIST_FILE = YES;
				INFOPLIST_KEY_UIApplicationSceneManifest_Generation = YES;
				INFOPLIST_KEY_UIApplicationSupportsIndirectInputEvents = YES;
				INFOPLIST_KEY_UILaunchScreen_Generation = YES;
				INFOPLIST_KEY_UISupportedInterfaceOrientations_iPad = "UIInterfaceOrientationPortrait UIInterfaceOrientationPortraitUpsideDown UIInterfaceOrientationLandscapeLeft UIInterfaceOrientationLandscapeRight";
				INFOPLIST_KEY_UISupportedInterfaceOrientations_iPhone = "UIInterfaceOrientationPortrait UIInterfaceOrientationLandscapeLeft UIInterfaceOrientationLandscapeRight";
				LD_RUNPATH_SEARCH_PATHS = (
					"$(inherited)",
					"@executable_path/Frameworks",
				);
				MARKETING_VERSION = 1.0;
				PRODUCT_BUNDLE_IDENTIFIER = ejmv.RickAndMortyAPI;
				PRODUCT_NAME = "$(TARGET_NAME)";
				SWIFT_EMIT_LOC_STRINGS = YES;
				SWIFT_VERSION = 5.0;
				TARGETED_DEVICE_FAMILY = "1,2";
			};
			name = Debug;
		};
		20DFD81E2EA20ED9001A9223 /* Release */ = {
			isa = XCBuildConfiguration;
			buildSettings = {
				ASSETCATALOG_COMPILER_APPICON_NAME = AppIcon;
				ASSETCATALOG_COMPILER_GLOBAL_ACCENT_COLOR_NAME = AccentColor;
				CODE_SIGN_STYLE = Automatic;
				CURRENT_PROJECT_VERSION = 1;
				DEVELOPMENT_ASSET_PATHS = "\"RickAndMortyAPI/Preview Content\"";
				DEVELOPMENT_TEAM = ASBK59574H;
				ENABLE_PREVIEWS = YES;
				GENERATE_INFOPLIST_FILE = YES;
				INFOPLIST_KEY_UIApplicationSceneManifest_Generation = YES;
				INFOPLIST_KEY_UIApplicationSupportsIndirectInputEvents = YES;
				INFOPLIST_KEY_UILaunchScreen_Generation = YES;
				INFOPLIST_KEY_UISupportedInterfaceOrientations_iPad = "UIInterfaceOrientationPortrait UIInterfaceOrientationPortraitUpsideDown UIInterfaceOrientationLandscapeLeft UIInterfaceOrientationLandscapeRight";
				INFOPLIST_KEY_UISupportedInterfaceOrientations_iPhone = "UIInterfaceOrientationPortrait UIInterfaceOrientationLandscapeLeft UIInterfaceOrientationLandscapeRight";
				LD_RUNPATH_SEARCH_PATHS = (
					"$(inherited)",
					"@executable_path/Frameworks",
				);
				MARKETING_VERSION = 1.0;
				PRODUCT_BUNDLE_IDENTIFIER = ejmv.RickAndMortyAPI;
				PRODUCT_NAME = "$(TARGET_NAME)";
				SWIFT_EMIT_LOC_STRINGS = YES;
				SWIFT_VERSION = 5.0;
				TARGETED_DEVICE_FAMILY = "1,2";
			};
			name = Release;
		};
		20DFD8202EA20ED9001A9223 /* Debug */ = {
			isa = XCBuildConfiguration;
			buildSettings = {
				BUNDLE_LOADER = "$(TEST_HOST)";
				CODE_SIGN_STYLE = Automatic;
				CURRENT_PROJECT_VERSION = 1;
				DEVELOPMENT_TEAM = ASBK59574H;
				GENERATE_INFOPLIST_FILE = YES;
				IPHONEOS_DEPLOYMENT_TARGET = 18.2;
				MARKETING_VERSION = 1.0;
				PRODUCT_BUNDLE_IDENTIFIER = ejmv.RickAndMortyAPITests;
				PRODUCT_NAME = "$(TARGET_NAME)";
				SWIFT_EMIT_LOC_STRINGS = NO;
				SWIFT_VERSION = 5.0;
				TARGETED_DEVICE_FAMILY = "1,2";
				TEST_HOST = "$(BUILT_PRODUCTS_DIR)/RickAndMortyAPI.app/$(BUNDLE_EXECUTABLE_FOLDER_PATH)/RickAndMortyAPI";
			};
			name = Debug;
		};
		20DFD8212EA20ED9001A9223 /* Release */ = {
			isa = XCBuildConfiguration;
			buildSettings = {
				BUNDLE_LOADER = "$(TEST_HOST)";
				CODE_SIGN_STYLE = Automatic;
				CURRENT_PROJECT_VERSION = 1;
				DEVELOPMENT_TEAM = ASBK59574H;
				GENERATE_INFOPLIST_FILE = YES;
				IPHONEOS_DEPLOYMENT_TARGET = 18.2;
				MARKETING_VERSION = 1.0;
				PRODUCT_BUNDLE_IDENTIFIER = ejmv.RickAndMortyAPITests;
				PRODUCT_NAME = "$(TARGET_NAME)";
				SWIFT_EMIT_LOC_STRINGS = NO;
				SWIFT_VERSION = 5.0;
				TARGETED_DEVICE_FAMILY = "1,2";
				TEST_HOST = "$(BUILT_PRODUCTS_DIR)/RickAndMortyAPI.app/$(BUNDLE_EXECUTABLE_FOLDER_PATH)/RickAndMortyAPI";
			};
			name = Release;
		};
		20DFD8232EA20ED9001A9223 /* Debug */ = {
			isa = XCBuildConfiguration;
			buildSettings = {
				CODE_SIGN_STYLE = Automatic;
				CURRENT_PROJECT_VERSION = 1;
				DEVELOPMENT_TEAM = ASBK59574H;
				GENERATE_INFOPLIST_FILE = YES;
				MARKETING_VERSION = 1.0;
				PRODUCT_BUNDLE_IDENTIFIER = ejmv.RickAndMortyAPIUITests;
				PRODUCT_NAME = "$(TARGET_NAME)";
				SWIFT_EMIT_LOC_STRINGS = NO;
				SWIFT_VERSION = 5.0;
				TARGETED_DEVICE_FAMILY = "1,2";
				TEST_TARGET_NAME = RickAndMortyAPI;
			};
			name = Debug;
		};
		20DFD8242EA20ED9001A9223 /* Release */ = {
			isa = XCBuildConfiguration;
			buildSettings = {
				CODE_SIGN_STYLE = Automatic;
				CURRENT_PROJECT_VERSION = 1;
				DEVELOPMENT_TEAM = ASBK59574H;
				GENERATE_INFOPLIST_FILE = YES;
				MARKETING_VERSION = 1.0;
				PRODUCT_BUNDLE_IDENTIFIER = ejmv.RickAndMortyAPIUITests;
				PRODUCT_NAME = "$(TARGET_NAME)";
				SWIFT_EMIT_LOC_STRINGS = NO;
				SWIFT_VERSION = 5.0;
				TARGETED_DEVICE_FAMILY = "1,2";
				TEST_TARGET_NAME = RickAndMortyAPI;
			};
			name = Release;
		};
/* End XCBuildConfiguration section */

/* Begin XCConfigurationList section */
		20DFD7F32EA20ED7001A9223 /* Build configuration list for PBXProject "RickAndMortyAPI" */ = {
			isa = XCConfigurationList;
			buildConfigurations = (
				20DFD81A2EA20ED9001A9223 /* Debug */,
				20DFD81B2EA20ED9001A9223 /* Release */,
			);
			defaultConfigurationIsVisible = 0;
			defaultConfigurationName = Release;
		};
		20DFD81C2EA20ED9001A9223 /* Build configuration list for PBXNativeTarget "RickAndMortyAPI" */ = {
			isa = XCConfigurationList;
			buildConfigurations = (
				20DFD81D2EA20ED9001A9223 /* Debug */,
				20DFD81E2EA20ED9001A9223 /* Release */,
			);
			defaultConfigurationIsVisible = 0;
			defaultConfigurationName = Release;
		};
		20DFD81F2EA20ED9001A9223 /* Build configuration list for PBXNativeTarget "RickAndMortyAPITests" */ = {
			isa = XCConfigurationList;
			buildConfigurations = (
				20DFD8202EA20ED9001A9223 /* Debug */,
				20DFD8212EA20ED9001A9223 /* Release */,
			);
			defaultConfigurationIsVisible = 0;
			defaultConfigurationName = Release;
		};
		20DFD8222EA20ED9001A9223 /* Build configuration list for PBXNativeTarget "RickAndMortyAPIUITests" */ = {
			isa = XCConfigurationList;
			buildConfigurations = (
				20DFD8232EA20ED9001A9223 /* Debug */,
				20DFD8242EA20ED9001A9223 /* Release */,
			);
			defaultConfigurationIsVisible = 0;
			defaultConfigurationName = Release;
		};
/* End XCConfigurationList section */

/* Begin XCRemoteSwiftPackageReference section */
		20DFD8252EA2208E001A9223 /* XCRemoteSwiftPackageReference "Swinject" */ = {
			isa = XCRemoteSwiftPackageReference;
			repositoryURL = "https://github.com/Swinject/Swinject.git";
			requirement = {
				kind = upToNextMajorVersion;
				minimumVersion = 2.10.0;
			};
		};
/* End XCRemoteSwiftPackageReference section */

/* Begin XCSwiftPackageProductDependency section */
		20DFD8652EA22D89001A9223 /* Swinject */ = {
			isa = XCSwiftPackageProductDependency;
			package = 20DFD8252EA2208E001A9223 /* XCRemoteSwiftPackageReference "Swinject" */;
			productName = Swinject;
		};
/* End XCSwiftPackageProductDependency section */
	};
	rootObject = 20DFD7F02EA20ED7001A9223 /* Project object */;
}
